github.com/AfatekDevelopers/result_lib_go v0.0.0-20210831140827-985022b03085 h1:+R4bIn6VsTgzCG5yOf22HitjaEl6bWE1ByS/IkB8nyQ=
github.com/AfatekDevelopers/result_lib_go v0.0.0-20210831140827-985022b03085/go.mod h1:Tn+zmza68qM3WRUBoD+qiyuxb+Hu4ufudcq0yJChWvs=
github.com/lib/pq v1.10.2 h1:AqzbZs4ZoCBp+GtejcpCpcxM3zlSMx29dXbUSeVtJb8=
github.com/lib/pq v1.10.2/go.mod h1:AlVN5x4E4T544tWzH6hKfbfQvm3HdbOxrmggDNAPY9o=
